
Microsoft Visual Studio Solution File, Format Version 12.00
# Visual Studio 14
VisualStudioVersion = 14.0.24720.0
MinimumVisualStudioVersion = 10.0.40219.1
Project("{FAE04EC0-301F-11D3-BF4B-00C04F79EFBC}") = "Exercise32A", "Exercise32A\Exercise32A.csproj", "{014FD17D-92BE-459A-94F6-0D6DA96FA8D2}"
EndProject
Project("{FAE04EC0-301F-11D3-BF4B-00C04F79EFBC}") = "Exercise32B", "Exercise32B\Exercise32B.csproj", "{9D29BAD1-4C83-4466-9018-0841A22B90DB}"
EndProject
Project("{FAE04EC0-301F-11D3-BF4B-00C04F79EFBC}") = "Exercise32C", "Exercise32C\Exercise32C.csproj", "{1EF89C04-F797-4AF0-8709-C94FDA004CA4}"
EndProject
Global
	GlobalSection(SolutionConfigurationPlatforms) = preSolution
		Debug|Any CPU = Debug|Any CPU
		Release|Any CPU = Release|Any CPU
	EndGlobalSection
	GlobalSection(ProjectConfigurationPlatforms) = postSolution
		{014FD17D-92BE-459A-94F6-0D6DA96FA8D2}.Debug|Any CPU.ActiveCfg = Debug|Any CPU
		{014FD17D-92BE-459A-94F6-0D6DA96FA8D2}.Debug|Any CPU.Build.0 = Debug|Any CPU
		{014FD17D-92BE-459A-94F6-0D6DA96FA8D2}.Release|Any CPU.ActiveCfg = Release|Any CPU
		{014FD17D-92BE-459A-94F6-0D6DA96FA8D2}.Release|Any CPU.Build.0 = Release|Any CPU
		{9D29BAD1-4C83-4466-9018-0841A22B90DB}.Debug|Any CPU.ActiveCfg = Debug|Any CPU
		{9D29BAD1-4C83-4466-9018-0841A22B90DB}.Debug|Any CPU.Build.0 = Debug|Any CPU
		{9D29BAD1-4C83-4466-9018-0841A22B90DB}.Release|Any CPU.ActiveCfg = Release|Any CPU
		{9D29BAD1-4C83-4466-9018-0841A22B90DB}.Release|Any CPU.Build.0 = Release|Any CPU
		{1EF89C04-F797-4AF0-8709-C94FDA004CA4}.Debug|Any CPU.ActiveCfg = Debug|Any CPU
		{1EF89C04-F797-4AF0-8709-C94FDA004CA4}.Debug|Any CPU.Build.0 = Debug|Any CPU
		{1EF89C04-F797-4AF0-8709-C94FDA004CA4}.Release|Any CPU.ActiveCfg = Release|Any CPU
		{1EF89C04-F797-4AF0-8709-C94FDA004CA4}.Release|Any CPU.Build.0 = Release|Any CPU
	EndGlobalSection
	GlobalSection(SolutionProperties) = preSolution
		HideSolutionNode = FALSE
	EndGlobalSection
EndGlobal
